
Microsoft Visual Studio Solution File, Format Version 12.00
# Visual Studio Version 17
VisualStudioVersion = 17.0.32014.148
MinimumVisualStudioVersion = 10.0.40219.1
Project("{FAE04EC0-301F-11D3-BF4B-00C04F79EFBC}") = "ByteBank", "ByteBank.csproj", "{0AD22B14-B6A2-4A03-A38F-74B550ECCEA7}"
EndProject
Global
	GlobalSection(SolutionConfigurationPlatforms) = preSolution
		Debug|Any CPU = Debug|Any CPU
		Release|Any CPU = Release|Any CPU
	EndGlobalSection
	GlobalSection(ProjectConfigurationPlatforms) = postSolution
		{0AD22B14-B6A2-4A03-A38F-74B550ECCEA7}.Debug|Any CPU.ActiveCfg = Debug|Any CPU
		{0AD22B14-B6A2-4A03-A38F-74B550ECCEA7}.Debug|Any CPU.Build.0 = Debug|Any CPU
		{0AD22B14-B6A2-4A03-A38F-74B550ECCEA7}.Release|Any CPU.ActiveCfg = Release|Any CPU
		{0AD22B14-B6A2-4A03-A38F-74B550ECCEA7}.Release|Any CPU.Build.0 = Release|Any CPU
	EndGlobalSection
	GlobalSection(SolutionProperties) = preSolution
		HideSolutionNode = FALSE
	EndGlobalSection
	GlobalSection(ExtensibilityGlobals) = postSolution
		SolutionGuid = {298D3891-3E83-4AF3-A0AE-6A16F1587A14}
	EndGlobalSection
EndGlobal
